
Microsoft Visual Studio Solution File, Format Version 12.00
# Visual Studio Version 16
VisualStudioVersion = 16.0.31613.86
MinimumVisualStudioVersion = 10.0.40219.1
Project("{9A19103F-16F7-4668-BE54-9A1E7A4F7556}") = "OnlineBanking.Domain", "OnlineBanking.Domain\OnlineBanking.Domain.csproj", "{36709233-E6FF-498E-819C-F15F15223F56}"
EndProject
Project("{FAE04EC0-301F-11D3-BF4B-00C04F79EFBC}") = "WebUI.domain", "WebUI.domain\WebUI.domain.csproj", "{E9B258B6-B740-4A6A-AE48-3758C873218A}"
EndProject
Global
	GlobalSection(SolutionConfigurationPlatforms) = preSolution
		Debug|Any CPU = Debug|Any CPU
		Release|Any CPU = Release|Any CPU
	EndGlobalSection
	GlobalSection(ProjectConfigurationPlatforms) = postSolution
		{36709233-E6FF-498E-819C-F15F15223F56}.Debug|Any CPU.ActiveCfg = Debug|Any CPU
		{36709233-E6FF-498E-819C-F15F15223F56}.Debug|Any CPU.Build.0 = Debug|Any CPU
		{36709233-E6FF-498E-819C-F15F15223F56}.Release|Any CPU.ActiveCfg = Release|Any CPU
		{36709233-E6FF-498E-819C-F15F15223F56}.Release|Any CPU.Build.0 = Release|Any CPU
		{E9B258B6-B740-4A6A-AE48-3758C873218A}.Debug|Any CPU.ActiveCfg = Debug|Any CPU
		{E9B258B6-B740-4A6A-AE48-3758C873218A}.Debug|Any CPU.Build.0 = Debug|Any CPU
		{E9B258B6-B740-4A6A-AE48-3758C873218A}.Release|Any CPU.ActiveCfg = Release|Any CPU
		{E9B258B6-B740-4A6A-AE48-3758C873218A}.Release|Any CPU.Build.0 = Release|Any CPU
	EndGlobalSection
	GlobalSection(SolutionProperties) = preSolution
		HideSolutionNode = FALSE
	EndGlobalSection
	GlobalSection(ExtensibilityGlobals) = postSolution
		SolutionGuid = {964203B6-124C-4A84-8553-248B19CD99D5}
	EndGlobalSection
EndGlobal
